
Microsoft Visual Studio Solution File, Format Version 12.00
# Visual Studio Version 17
VisualStudioVersion = 17.4.33110.190
MinimumVisualStudioVersion = 10.0.40219.1
Project("{FAE04EC0-301F-11D3-BF4B-00C04F79EFBC}") = "LloydMinsterBank", "LloydMinsterBank.csproj", "{12B6714A-71C5-4407-AF82-2DBB9BA7F919}"
EndProject
Global
	GlobalSection(SolutionConfigurationPlatforms) = preSolution
		Debug|Any CPU = Debug|Any CPU
		Release|Any CPU = Release|Any CPU
	EndGlobalSection
	GlobalSection(ProjectConfigurationPlatforms) = postSolution
		{12B6714A-71C5-4407-AF82-2DBB9BA7F919}.Debug|Any CPU.ActiveCfg = Debug|Any CPU
		{12B6714A-71C5-4407-AF82-2DBB9BA7F919}.Debug|Any CPU.Build.0 = Debug|Any CPU
		{12B6714A-71C5-4407-AF82-2DBB9BA7F919}.Release|Any CPU.ActiveCfg = Release|Any CPU
		{12B6714A-71C5-4407-AF82-2DBB9BA7F919}.Release|Any CPU.Build.0 = Release|Any CPU
	EndGlobalSection
	GlobalSection(SolutionProperties) = preSolution
		HideSolutionNode = FALSE
	EndGlobalSection
	GlobalSection(ExtensibilityGlobals) = postSolution
		SolutionGuid = {64D7BAD3-D378-442B-B199-59F183E06BAE}
	EndGlobalSection
EndGlobal
